
Microsoft Visual Studio Solution File, Format Version 12.00
# Visual Studio Version 17
VisualStudioVersion = 17.11.35219.272
MinimumVisualStudioVersion = 10.0.40219.1
Project("{9A19103F-16F7-4668-BE54-9A1E7A4F7556}") = "BKB-Tool", "..\BKB-Tool\BKB-Tool\BKB-Tool.csproj", "{517A4662-EBC5-4FAC-AF77-75FBDD61E250}"
EndProject
Project("{FAE04EC0-301F-11D3-BF4B-00C04F79EFBC}") = "Common", "..\BKB-Tool\Common\Common.csproj", "{B584FE0B-E944-4BA3-BA1D-4A16893F2286}"
EndProject
Global
	GlobalSection(SolutionConfigurationPlatforms) = preSolution
		Debug|Any CPU = Debug|Any CPU
		Release|Any CPU = Release|Any CPU
	EndGlobalSection
	GlobalSection(ProjectConfigurationPlatforms) = postSolution
		{517A4662-EBC5-4FAC-AF77-75FBDD61E250}.Debug|Any CPU.ActiveCfg = Debug|Any CPU
		{517A4662-EBC5-4FAC-AF77-75FBDD61E250}.Debug|Any CPU.Build.0 = Debug|Any CPU
		{517A4662-EBC5-4FAC-AF77-75FBDD61E250}.Release|Any CPU.ActiveCfg = Release|Any CPU
		{517A4662-EBC5-4FAC-AF77-75FBDD61E250}.Release|Any CPU.Build.0 = Release|Any CPU
		{238077C4-C5CC-40D9-811B-0EDCA3415EB0}.Debug|Any CPU.ActiveCfg = Debug|Any CPU
		{238077C4-C5CC-40D9-811B-0EDCA3415EB0}.Debug|Any CPU.Build.0 = Debug|Any CPU
		{238077C4-C5CC-40D9-811B-0EDCA3415EB0}.Release|Any CPU.ActiveCfg = Release|Any CPU
		{238077C4-C5CC-40D9-811B-0EDCA3415EB0}.Release|Any CPU.Build.0 = Release|Any CPU
		{B584FE0B-E944-4BA3-BA1D-4A16893F2286}.Debug|Any CPU.ActiveCfg = Debug|Any CPU
		{B584FE0B-E944-4BA3-BA1D-4A16893F2286}.Debug|Any CPU.Build.0 = Debug|Any CPU
		{B584FE0B-E944-4BA3-BA1D-4A16893F2286}.Release|Any CPU.ActiveCfg = Release|Any CPU
		{B584FE0B-E944-4BA3-BA1D-4A16893F2286}.Release|Any CPU.Build.0 = Release|Any CPU
	EndGlobalSection
	GlobalSection(SolutionProperties) = preSolution
		HideSolutionNode = FALSE
	EndGlobalSection
	GlobalSection(ExtensibilityGlobals) = postSolution
		SolutionGuid = {8D2C601E-1A18-46AD-B4A5-A2D5C0BB8E98}
	EndGlobalSection
EndGlobal